
Microsoft Visual Studio Solution File, Format Version 12.00
# Visual Studio 2017
Project("{FAE04EC0-301F-11D3-BF4B-00C04F79EFBC}") = "Run_Test", "Run_Test.csproj", "{98567992-D6C2-7C27-1726-FACA75D98738}"
EndProject
Global
	GlobalSection(SolutionConfigurationPlatforms) = preSolution
		Debug|Any CPU = Debug|Any CPU
		Release|Any CPU = Release|Any CPU
	EndGlobalSection
	GlobalSection(ProjectConfigurationPlatforms) = postSolution
		{98567992-D6C2-7C27-1726-FACA75D98738}.Debug|Any CPU.ActiveCfg = Debug|Any CPU
		{98567992-D6C2-7C27-1726-FACA75D98738}.Debug|Any CPU.Build.0 = Debug|Any CPU
		{98567992-D6C2-7C27-1726-FACA75D98738}.Release|Any CPU.ActiveCfg = Release|Any CPU
		{98567992-D6C2-7C27-1726-FACA75D98738}.Release|Any CPU.Build.0 = Release|Any CPU
	EndGlobalSection
	GlobalSection(SolutionProperties) = preSolution
		HideSolutionNode = FALSE
	EndGlobalSection
EndGlobal
