
Microsoft Visual Studio Solution File, Format Version 12.00
# Visual Studio 15
VisualStudioVersion = 15.0.26430.16
MinimumVisualStudioVersion = 10.0.40219.1
Project("{FAE04EC0-301F-11D3-BF4B-00C04F79EFBC}") = "switch_ex", "switch_ex\switch_ex.csproj", "{CD77AFB2-D907-4165-A111-C4ED9F63D9FC}"
EndProject
Project("{FAE04EC0-301F-11D3-BF4B-00C04F79EFBC}") = "data_input", "data_input\data_input.csproj", "{6AE2A0E6-8E5D-49B2-A930-3A8F936573CA}"
EndProject
Project("{FAE04EC0-301F-11D3-BF4B-00C04F79EFBC}") = "while_loop", "while_loop\while_loop.csproj", "{03C48ADA-1C96-4C7B-90C6-3A12323B4B7C}"
EndProject
Project("{FAE04EC0-301F-11D3-BF4B-00C04F79EFBC}") = "for_loop", "for_loop\for_loop.csproj", "{CD814D5D-292F-41CB-8E5A-1663F19F7075}"
EndProject
Project("{FAE04EC0-301F-11D3-BF4B-00C04F79EFBC}") = "ArrayEx01", "ArrayEx01\ArrayEx01.csproj", "{F2D5D5C1-1C70-4304-89A6-D461A9CF4DDE}"
EndProject
Project("{FAE04EC0-301F-11D3-BF4B-00C04F79EFBC}") = "for_each_ex", "for_each_ex\for_each_ex.csproj", "{CB7A8AC2-3C89-4F3E-BE2F-91CC27A92FD9}"
EndProject
Global
	GlobalSection(SolutionConfigurationPlatforms) = preSolution
		Debug|Any CPU = Debug|Any CPU
		Release|Any CPU = Release|Any CPU
	EndGlobalSection
	GlobalSection(ProjectConfigurationPlatforms) = postSolution
		{CD77AFB2-D907-4165-A111-C4ED9F63D9FC}.Debug|Any CPU.ActiveCfg = Debug|Any CPU
		{CD77AFB2-D907-4165-A111-C4ED9F63D9FC}.Debug|Any CPU.Build.0 = Debug|Any CPU
		{CD77AFB2-D907-4165-A111-C4ED9F63D9FC}.Release|Any CPU.ActiveCfg = Release|Any CPU
		{CD77AFB2-D907-4165-A111-C4ED9F63D9FC}.Release|Any CPU.Build.0 = Release|Any CPU
		{6AE2A0E6-8E5D-49B2-A930-3A8F936573CA}.Debug|Any CPU.ActiveCfg = Debug|Any CPU
		{6AE2A0E6-8E5D-49B2-A930-3A8F936573CA}.Debug|Any CPU.Build.0 = Debug|Any CPU
		{6AE2A0E6-8E5D-49B2-A930-3A8F936573CA}.Release|Any CPU.ActiveCfg = Release|Any CPU
		{6AE2A0E6-8E5D-49B2-A930-3A8F936573CA}.Release|Any CPU.Build.0 = Release|Any CPU
		{03C48ADA-1C96-4C7B-90C6-3A12323B4B7C}.Debug|Any CPU.ActiveCfg = Debug|Any CPU
		{03C48ADA-1C96-4C7B-90C6-3A12323B4B7C}.Debug|Any CPU.Build.0 = Debug|Any CPU
		{03C48ADA-1C96-4C7B-90C6-3A12323B4B7C}.Release|Any CPU.ActiveCfg = Release|Any CPU
		{03C48ADA-1C96-4C7B-90C6-3A12323B4B7C}.Release|Any CPU.Build.0 = Release|Any CPU
		{CD814D5D-292F-41CB-8E5A-1663F19F7075}.Debug|Any CPU.ActiveCfg = Debug|Any CPU
		{CD814D5D-292F-41CB-8E5A-1663F19F7075}.Debug|Any CPU.Build.0 = Debug|Any CPU
		{CD814D5D-292F-41CB-8E5A-1663F19F7075}.Release|Any CPU.ActiveCfg = Release|Any CPU
		{CD814D5D-292F-41CB-8E5A-1663F19F7075}.Release|Any CPU.Build.0 = Release|Any CPU
		{F2D5D5C1-1C70-4304-89A6-D461A9CF4DDE}.Debug|Any CPU.ActiveCfg = Debug|Any CPU
		{F2D5D5C1-1C70-4304-89A6-D461A9CF4DDE}.Debug|Any CPU.Build.0 = Debug|Any CPU
		{F2D5D5C1-1C70-4304-89A6-D461A9CF4DDE}.Release|Any CPU.ActiveCfg = Release|Any CPU
		{F2D5D5C1-1C70-4304-89A6-D461A9CF4DDE}.Release|Any CPU.Build.0 = Release|Any CPU
		{CB7A8AC2-3C89-4F3E-BE2F-91CC27A92FD9}.Debug|Any CPU.ActiveCfg = Debug|Any CPU
		{CB7A8AC2-3C89-4F3E-BE2F-91CC27A92FD9}.Debug|Any CPU.Build.0 = Debug|Any CPU
		{CB7A8AC2-3C89-4F3E-BE2F-91CC27A92FD9}.Release|Any CPU.ActiveCfg = Release|Any CPU
		{CB7A8AC2-3C89-4F3E-BE2F-91CC27A92FD9}.Release|Any CPU.Build.0 = Release|Any CPU
	EndGlobalSection
	GlobalSection(SolutionProperties) = preSolution
		HideSolutionNode = FALSE
	EndGlobalSection
EndGlobal
