
Microsoft Visual Studio Solution File, Format Version 12.00
# Visual Studio 2017
Project("{FAE04EC0-301F-11D3-BF4B-00C04F79EFBC}") = "MOV_TEST", "MOV_TEST.csproj", "{24BF7D53-095A-42C5-DD8F-259B0BEFA0CA}"
EndProject
Global
	GlobalSection(SolutionConfigurationPlatforms) = preSolution
		Debug|Any CPU = Debug|Any CPU
		Release|Any CPU = Release|Any CPU
	EndGlobalSection
	GlobalSection(ProjectConfigurationPlatforms) = postSolution
		{24BF7D53-095A-42C5-DD8F-259B0BEFA0CA}.Debug|Any CPU.ActiveCfg = Debug|Any CPU
		{24BF7D53-095A-42C5-DD8F-259B0BEFA0CA}.Debug|Any CPU.Build.0 = Debug|Any CPU
		{24BF7D53-095A-42C5-DD8F-259B0BEFA0CA}.Release|Any CPU.ActiveCfg = Release|Any CPU
		{24BF7D53-095A-42C5-DD8F-259B0BEFA0CA}.Release|Any CPU.Build.0 = Release|Any CPU
	EndGlobalSection
	GlobalSection(SolutionProperties) = preSolution
		HideSolutionNode = FALSE
	EndGlobalSection
EndGlobal
